
Microsoft Visual Studio Solution File, Format Version 12.00
# Visual Studio Version 17
VisualStudioVersion = 17.6.33829.357
MinimumVisualStudioVersion = 10.0.40219.1
Project("{FAE04EC0-301F-11D3-BF4B-00C04F79EFBC}") = "Filmy", "Filmy\Filmy.csproj", "{31A5E03D-236A-4CDD-96CE-AF7F47D944F9}"
EndProject
Global
	GlobalSection(SolutionConfigurationPlatforms) = preSolution
		Debug|Any CPU = Debug|Any CPU
		Release|Any CPU = Release|Any CPU
	EndGlobalSection
	GlobalSection(ProjectConfigurationPlatforms) = postSolution
		{31A5E03D-236A-4CDD-96CE-AF7F47D944F9}.Debug|Any CPU.ActiveCfg = Debug|Any CPU
		{31A5E03D-236A-4CDD-96CE-AF7F47D944F9}.Debug|Any CPU.Build.0 = Debug|Any CPU
		{31A5E03D-236A-4CDD-96CE-AF7F47D944F9}.Release|Any CPU.ActiveCfg = Release|Any CPU
		{31A5E03D-236A-4CDD-96CE-AF7F47D944F9}.Release|Any CPU.Build.0 = Release|Any CPU
	EndGlobalSection
	GlobalSection(SolutionProperties) = preSolution
		HideSolutionNode = FALSE
	EndGlobalSection
	GlobalSection(ExtensibilityGlobals) = postSolution
		SolutionGuid = {3B1B1C69-8458-4943-B396-EAA25DAA41D4}
	EndGlobalSection
EndGlobal
